# This file is autogenerated, do not edit; changes may be undone by the next 'dep ensure'.


[[projects]]
  branch = "master"
  name = "github.com/alecthomas/gozmq"
  packages = ["."]
  revision = "d1b01a2df6b2c64f03fecaeabea541963fc4749f"

[solve-meta]
  analyzer-name = "dep"
  analyzer-version = 1
  inputs-digest = "bebb3e27cdf3de9c1d562eeb653b9d2e7bf64e7cd45639575c6a1741d404ce3e"
  solver-name = "gps-cdcl"
  solver-version = 1
